
Microsoft Visual Studio Solution File, Format Version 12.00
# Visual Studio Version 17
VisualStudioVersion = 17.9.34714.143
MinimumVisualStudioVersion = 10.0.40219.1
Project("{9A19103F-16F7-4668-BE54-9A1E7A4F7556}") = "TDDCursusLibrary", "TDDCursusLibrary\TDDCursusLibrary.csproj", "{B392B089-97A3-489F-AC34-A198622EF46B}"
EndProject
Project("{9A19103F-16F7-4668-BE54-9A1E7A4F7556}") = "TDDCursusLibraryTest", "TDDCursusLibraryTest\TDDCursusLibraryTest.csproj", "{64BB20AA-FCEF-49CA-8455-3D48E473D8C6}"
EndProject
Project("{FAE04EC0-301F-11D3-BF4B-00C04F79EFBC}") = "ConsoleTDD", "ConsoleTDD\ConsoleTDD.csproj", "{B60E6724-F4AC-4D01-90DD-72ECB0DB20A8}"
EndProject
Global
	GlobalSection(SolutionConfigurationPlatforms) = preSolution
		Debug|Any CPU = Debug|Any CPU
		Release|Any CPU = Release|Any CPU
	EndGlobalSection
	GlobalSection(ProjectConfigurationPlatforms) = postSolution
		{B392B089-97A3-489F-AC34-A198622EF46B}.Debug|Any CPU.ActiveCfg = Debug|Any CPU
		{B392B089-97A3-489F-AC34-A198622EF46B}.Debug|Any CPU.Build.0 = Debug|Any CPU
		{B392B089-97A3-489F-AC34-A198622EF46B}.Release|Any CPU.ActiveCfg = Release|Any CPU
		{B392B089-97A3-489F-AC34-A198622EF46B}.Release|Any CPU.Build.0 = Release|Any CPU
		{64BB20AA-FCEF-49CA-8455-3D48E473D8C6}.Debug|Any CPU.ActiveCfg = Debug|Any CPU
		{64BB20AA-FCEF-49CA-8455-3D48E473D8C6}.Debug|Any CPU.Build.0 = Debug|Any CPU
		{64BB20AA-FCEF-49CA-8455-3D48E473D8C6}.Release|Any CPU.ActiveCfg = Release|Any CPU
		{64BB20AA-FCEF-49CA-8455-3D48E473D8C6}.Release|Any CPU.Build.0 = Release|Any CPU
		{B60E6724-F4AC-4D01-90DD-72ECB0DB20A8}.Debug|Any CPU.ActiveCfg = Debug|Any CPU
		{B60E6724-F4AC-4D01-90DD-72ECB0DB20A8}.Debug|Any CPU.Build.0 = Debug|Any CPU
		{B60E6724-F4AC-4D01-90DD-72ECB0DB20A8}.Release|Any CPU.ActiveCfg = Release|Any CPU
		{B60E6724-F4AC-4D01-90DD-72ECB0DB20A8}.Release|Any CPU.Build.0 = Release|Any CPU
	EndGlobalSection
	GlobalSection(SolutionProperties) = preSolution
		HideSolutionNode = FALSE
	EndGlobalSection
	GlobalSection(ExtensibilityGlobals) = postSolution
		SolutionGuid = {0A2F5A69-B604-4C7E-BA43-D2E060B3FB3A}
	EndGlobalSection
EndGlobal
